
Microsoft Visual Studio Solution File, Format Version 12.00
# Visual Studio Version 17
VisualStudioVersion = 17.2.32616.157
MinimumVisualStudioVersion = 10.0.40219.1
Project("{8BC9CEB8-8B4A-11D0-8D11-00A0C91BC942}") = "Holman_ex4.1", "Holman_ex4.1\Holman_ex4.1.vcxproj", "{A57A2043-EA37-4324-89AA-3F412ECB23C1}"
EndProject
Global
	GlobalSection(SolutionConfigurationPlatforms) = preSolution
		Debug|x64 = Debug|x64
		Debug|x86 = Debug|x86
		Release|x64 = Release|x64
		Release|x86 = Release|x86
	EndGlobalSection
	GlobalSection(ProjectConfigurationPlatforms) = postSolution
		{A57A2043-EA37-4324-89AA-3F412ECB23C1}.Debug|x64.ActiveCfg = Debug|x64
		{A57A2043-EA37-4324-89AA-3F412ECB23C1}.Debug|x64.Build.0 = Debug|x64
		{A57A2043-EA37-4324-89AA-3F412ECB23C1}.Debug|x86.ActiveCfg = Debug|Win32
		{A57A2043-EA37-4324-89AA-3F412ECB23C1}.Debug|x86.Build.0 = Debug|Win32
		{A57A2043-EA37-4324-89AA-3F412ECB23C1}.Release|x64.ActiveCfg = Release|x64
		{A57A2043-EA37-4324-89AA-3F412ECB23C1}.Release|x64.Build.0 = Release|x64
		{A57A2043-EA37-4324-89AA-3F412ECB23C1}.Release|x86.ActiveCfg = Release|Win32
		{A57A2043-EA37-4324-89AA-3F412ECB23C1}.Release|x86.Build.0 = Release|Win32
	EndGlobalSection
	GlobalSection(SolutionProperties) = preSolution
		HideSolutionNode = FALSE
	EndGlobalSection
	GlobalSection(ExtensibilityGlobals) = postSolution
		SolutionGuid = {4136C2ED-9BD6-4A73-9330-5E248033A5BC}
	EndGlobalSection
EndGlobal
